
Microsoft Visual Studio Solution File, Format Version 12.00
# Visual Studio 15
VisualStudioVersion = 15.0.28307.1169
MinimumVisualStudioVersion = 10.0.40219.1
Project("{8BC9CEB8-8B4A-11D0-8D11-00A0C91BC942}") = "hyprcredprovider", "hyprcredprovider.vcxproj", "{E09787A6-C26D-4DF5-A028-4822D6B821A5}"
EndProject
Global
	GlobalSection(SolutionConfigurationPlatforms) = preSolution
		Debug|x64 = Debug|x64
		Debug|x86 = Debug|x86
		Release|x64 = Release|x64
		Release|x86 = Release|x86
	EndGlobalSection
	GlobalSection(ProjectConfigurationPlatforms) = postSolution
		{E09787A6-C26D-4DF5-A028-4822D6B821A5}.Debug|x64.ActiveCfg = Debug|x64
		{E09787A6-C26D-4DF5-A028-4822D6B821A5}.Debug|x64.Build.0 = Debug|x64
		{E09787A6-C26D-4DF5-A028-4822D6B821A5}.Debug|x86.ActiveCfg = Debug|Win32
		{E09787A6-C26D-4DF5-A028-4822D6B821A5}.Debug|x86.Build.0 = Debug|Win32
		{E09787A6-C26D-4DF5-A028-4822D6B821A5}.Release|x64.ActiveCfg = Release|x64
		{E09787A6-C26D-4DF5-A028-4822D6B821A5}.Release|x64.Build.0 = Release|x64
		{E09787A6-C26D-4DF5-A028-4822D6B821A5}.Release|x86.ActiveCfg = Release|Win32
		{E09787A6-C26D-4DF5-A028-4822D6B821A5}.Release|x86.Build.0 = Release|Win32
	EndGlobalSection
	GlobalSection(SolutionProperties) = preSolution
		HideSolutionNode = FALSE
	EndGlobalSection
	GlobalSection(ExtensibilityGlobals) = postSolution
		SolutionGuid = {3B3955B5-970C-47F5-B618-D0EE9EF08EB4}
	EndGlobalSection
EndGlobal
